
Microsoft Visual Studio Solution File, Format Version 12.00
# Visual Studio Version 16
VisualStudioVersion = 16.0.31205.134
MinimumVisualStudioVersion = 10.0.40219.1
Project("{FAE04EC0-301F-11D3-BF4B-00C04F79EFBC}") = "WebApiServicesHeads", "WebApiServicesHeads\WebApiServicesHeads.csproj", "{1BC878C1-2043-4A4D-8FEE-8FF557FB0FB9}"
EndProject
Global
	GlobalSection(SolutionConfigurationPlatforms) = preSolution
		Debug|Any CPU = Debug|Any CPU
		Release|Any CPU = Release|Any CPU
	EndGlobalSection
	GlobalSection(ProjectConfigurationPlatforms) = postSolution
		{1BC878C1-2043-4A4D-8FEE-8FF557FB0FB9}.Debug|Any CPU.ActiveCfg = Debug|Any CPU
		{1BC878C1-2043-4A4D-8FEE-8FF557FB0FB9}.Debug|Any CPU.Build.0 = Debug|Any CPU
		{1BC878C1-2043-4A4D-8FEE-8FF557FB0FB9}.Release|Any CPU.ActiveCfg = Release|Any CPU
		{1BC878C1-2043-4A4D-8FEE-8FF557FB0FB9}.Release|Any CPU.Build.0 = Release|Any CPU
	EndGlobalSection
	GlobalSection(SolutionProperties) = preSolution
		HideSolutionNode = FALSE
	EndGlobalSection
	GlobalSection(ExtensibilityGlobals) = postSolution
		SolutionGuid = {946DB614-54A7-472D-98EC-7215729B3C71}
	EndGlobalSection
EndGlobal
